
Microsoft Visual Studio Solution File, Format Version 12.00
# Visual Studio Version 17
VisualStudioVersion = 17.8.34330.188
MinimumVisualStudioVersion = 10.0.40219.1
Project("{FAE04EC0-301F-11D3-BF4B-00C04F79EFBC}") = "CheckIMEI", "CheckIMEI\CheckIMEI.csproj", "{3876C5DE-63D6-4180-A0C2-8004E6D7E8BB}"
EndProject
Global
	GlobalSection(SolutionConfigurationPlatforms) = preSolution
		Debug|Any CPU = Debug|Any CPU
		Release|Any CPU = Release|Any CPU
	EndGlobalSection
	GlobalSection(ProjectConfigurationPlatforms) = postSolution
		{3876C5DE-63D6-4180-A0C2-8004E6D7E8BB}.Debug|Any CPU.ActiveCfg = Debug|Any CPU
		{3876C5DE-63D6-4180-A0C2-8004E6D7E8BB}.Debug|Any CPU.Build.0 = Debug|Any CPU
		{3876C5DE-63D6-4180-A0C2-8004E6D7E8BB}.Release|Any CPU.ActiveCfg = Release|Any CPU
		{3876C5DE-63D6-4180-A0C2-8004E6D7E8BB}.Release|Any CPU.Build.0 = Release|Any CPU
	EndGlobalSection
	GlobalSection(SolutionProperties) = preSolution
		HideSolutionNode = FALSE
	EndGlobalSection
	GlobalSection(ExtensibilityGlobals) = postSolution
		SolutionGuid = {9FE5244E-2103-4110-8DC0-B62060852697}
	EndGlobalSection
EndGlobal
